
Microsoft Visual Studio Solution File, Format Version 12.00
# Visual Studio Version 17
VisualStudioVersion = 17.9.34622.214
MinimumVisualStudioVersion = 10.0.40219.1
Project("{FAE04EC0-301F-11D3-BF4B-00C04F79EFBC}") = "CheckingDiskUsageFolder", "CheckingDiskUsageFolder.csproj", "{9B9BD966-F1C2-4ADD-92C4-C7E94DB74E46}"
EndProject
Global
	GlobalSection(SolutionConfigurationPlatforms) = preSolution
		Debug|Any CPU = Debug|Any CPU
		Release|Any CPU = Release|Any CPU
	EndGlobalSection
	GlobalSection(ProjectConfigurationPlatforms) = postSolution
		{9B9BD966-F1C2-4ADD-92C4-C7E94DB74E46}.Debug|Any CPU.ActiveCfg = Debug|Any CPU
		{9B9BD966-F1C2-4ADD-92C4-C7E94DB74E46}.Debug|Any CPU.Build.0 = Debug|Any CPU
		{9B9BD966-F1C2-4ADD-92C4-C7E94DB74E46}.Release|Any CPU.ActiveCfg = Release|Any CPU
		{9B9BD966-F1C2-4ADD-92C4-C7E94DB74E46}.Release|Any CPU.Build.0 = Release|Any CPU
	EndGlobalSection
	GlobalSection(SolutionProperties) = preSolution
		HideSolutionNode = FALSE
	EndGlobalSection
	GlobalSection(ExtensibilityGlobals) = postSolution
		SolutionGuid = {F06A2B11-7C80-4676-891D-67BB73793422}
	EndGlobalSection
EndGlobal
